<?xml version="1.0" encoding="utf-8"?>
<Project ToolsVersion="4.0" xmlns="http://schemas.microsoft.com/developer/msbuild/2003">
  <ItemGroup>
    <Filter Include="Source Files">
      <UniqueIdentifier>{4FC737F1-C7A5-4376-A066-2A32D752A2FF}</UniqueIdentifier>
      <Extensions>cpp;c;cc;cxx;c++;cppm;ixx;def;odl;idl;hpj;bat;asm;asmx</Extensions>
    </Filter>
    <Filter Include="Header Files">
      <UniqueIdentifier>{93995380-89BD-4b04-88EB-625FBE52EBFB}</UniqueIdentifier>
      <Extensions>h;hh;hpp;hxx;h++;hm;inl;inc;ipp;xsd</Extensions>
    </Filter>
    <Filter Include="Resource Files">
      <UniqueIdentifier>{67DA6AB6-F800-4c08-8B7A-83BB121AAD01}</UniqueIdentifier>
      <Extensions>rc;ico;cur;bmp;dlg;rc2;rct;bin;rgs;gif;jpg;jpeg;jpe;resx;tiff;tif;png;wav;mfcribbon-ms</Extensions>
    </Filter>
    <Filter Include="Source Files\Utilities">
      <UniqueIdentifier>{228ccfa8-8a2a-4dd7-b7e5-4186af724937}</UniqueIdentifier>
    </Filter>
    <Filter Include="Source Files\DataModel">
      <UniqueIdentifier>{64186c0e-6948-4a07-91c8-6fc5089069fc}</UniqueIdentifier>
    </Filter>
    <Filter Include="Header Files\Utilities">
      <UniqueIdentifier>{2609edb5-b481-4e56-8301-9738e16629c9}</UniqueIdentifier>
    </Filter>
    <Filter Include="Header Files\DataModel">
      <UniqueIdentifier>{53df5660-ba34-4606-9f9c-7e06204674a8}</UniqueIdentifier>
    </Filter>
    <Filter Include="Header Files\SATSolver">
      <UniqueIdentifier>{a0ece3aa-d37d-4764-b8a7-2db8f5d5f48d}</UniqueIdentifier>
    </Filter>
    <Filter Include="Source Files\SATSolver">
      <UniqueIdentifier>{2d490373-6225-4795-964d-c51521fc1eff}</UniqueIdentifier>
    </Filter>
    <Filter Include="Libraries">
      <UniqueIdentifier>{9b7a23c5-12a0-4975-b303-e462f6d139b1}</UniqueIdentifier>
    </Filter>
  </ItemGroup>
  <ItemGroup>
    <ClCompile Include="List.c">
      <Filter>Source Files\Utilities</Filter>
    </ClCompile>
    <ClCompile Include="AF.c">
      <Filter>Source Files\DataModel</Filter>
    </ClCompile>
    <ClCompile Include="Reduct.c">
      <Filter>Source Files\DataModel</Filter>
    </ClCompile>
    <ClCompile Include="Matrix.c">
      <Filter>Source Files\Utilities</Filter>
    </ClCompile>
    <ClCompile Include="Actives.c">
      <Filter>Source Files\DataModel</Filter>
    </ClCompile>
    <ClCompile Include="Main.c">
      <Filter>Source Files</Filter>
    </ClCompile>
    <ClCompile Include="LinkedSparseMatrix.h">
      <Filter>Header Files\Utilities</Filter>
    </ClCompile>
    <ClCompile Include="ExternalSatSolver.c">
      <Filter>Source Files\SATSolver</Filter>
    </ClCompile>
    <ClCompile Include="LinkedSparseMatrix.c">
      <Filter>Source Files\Utilities</Filter>
    </ClCompile>
    <ClCompile Include="Encodings.c">
      <Filter>Source Files\SATSolver</Filter>
    </ClCompile>
    <ClCompile Include="Array.c">
      <Filter>Source Files\Utilities</Filter>
    </ClCompile>
  </ItemGroup>
  <ItemGroup>
    <ClInclude Include="List.h">
      <Filter>Header Files\Utilities</Filter>
    </ClInclude>
    <ClInclude Include="AF.h">
      <Filter>Header Files\DataModel</Filter>
    </ClInclude>
    <ClInclude Include="Matrix.h">
      <Filter>Header Files\Utilities</Filter>
    </ClInclude>
    <ClInclude Include="Reduct.h">
      <Filter>Header Files\DataModel</Filter>
    </ClInclude>
    <ClInclude Include="Actives.h">
      <Filter>Header Files\DataModel</Filter>
    </ClInclude>
    <ClInclude Include="ExternalSatSolver.h">
      <Filter>Header Files\SATSolver</Filter>
    </ClInclude>
    <ClInclude Include="Encodings.h">
      <Filter>Header Files\SATSolver</Filter>
    </ClInclude>
    <ClInclude Include="Array.h">
      <Filter>Header Files\Utilities</Filter>
    </ClInclude>
  </ItemGroup>
</Project>